// !$*UTF8*$!
{
	archiveVersion = 1;
	classes = {
	};
	objectVersion = 46;
	objects = {

/* Begin PBXBuildFile section */
		970DF0291F71B84B0002C299 /* AppDelegate.swift in Sources */ = {isa = PBXBuildFile; fileRef = 970DF0281F71B84B0002C299 /* AppDelegate.swift */; };
		970DF02E1F71B84B0002C299 /* Main.storyboard in Resources */ = {isa = PBXBuildFile; fileRef = 970DF02C1F71B84B0002C299 /* Main.storyboard */; };
		970DF0311F71B84B0002C299 /* ABCGames_Test.xcdatamodeld in Sources */ = {isa = PBXBuildFile; fileRef = 970DF02F1F71B84B0002C299 /* ABCGames_Test.xcdatamodeld */; };
		970DF0331F71B84B0002C299 /* Assets.xcassets in Resources */ = {isa = PBXBuildFile; fileRef = 970DF0321F71B84B0002C299 /* Assets.xcassets */; };
		970DF0361F71B84B0002C299 /* LaunchScreen.storyboard in Resources */ = {isa = PBXBuildFile; fileRef = 970DF0341F71B84B0002C299 /* LaunchScreen.storyboard */; };
		970DF0411F71B8A50002C299 /* MainViewController.swift in Sources */ = {isa = PBXBuildFile; fileRef = 970DF0401F71B8A50002C299 /* MainViewController.swift */; };
		970DF0431F71BD540002C299 /* Score.swift in Sources */ = {isa = PBXBuildFile; fileRef = 970DF0421F71BD540002C299 /* Score.swift */; };
		970DF0451F71BE4D0002C299 /* GameField.swift in Sources */ = {isa = PBXBuildFile; fileRef = 970DF0441F71BE4D0002C299 /* GameField.swift */; };
		970DF0471F71C6800002C299 /* SettingsViewController.swift in Sources */ = {isa = PBXBuildFile; fileRef = 970DF0461F71C6800002C299 /* SettingsViewController.swift */; };
		970DF0491F71C6980002C299 /* ResultsViewController.swift in Sources */ = {isa = PBXBuildFile; fileRef = 970DF0481F71C6980002C299 /* ResultsViewController.swift */; };
/* End PBXBuildFile section */

/* Begin PBXFileReference section */
		970DF0251F71B84B0002C299 /* ABCGames_Test.app */ = {isa = PBXFileReference; explicitFileType = wrapper.application; includeInIndex = 0; path = ABCGames_Test.app; sourceTree = BUILT_PRODUCTS_DIR; };
		970DF0281F71B84B0002C299 /* AppDelegate.swift */ = {isa = PBXFileReference; lastKnownFileType = sourcecode.swift; path = AppDelegate.swift; sourceTree = "<group>"; };
		970DF02D1F71B84B0002C299 /* Base */ = {isa = PBXFileReference; lastKnownFileType = file.storyboard; name = Base; path = Base.lproj/Main.storyboard; sourceTree = "<group>"; };
		970DF0301F71B84B0002C299 /* ABCGames_Test.xcdatamodel */ = {isa = PBXFileReference; lastKnownFileType = wrapper.xcdatamodel; path = ABCGames_Test.xcdatamodel; sourceTree = "<group>"; };
		970DF0321F71B84B0002C299 /* Assets.xcassets */ = {isa = PBXFileReference; lastKnownFileType = folder.assetcatalog; path = Assets.xcassets; sourceTree = "<group>"; };
		970DF0351F71B84B0002C299 /* Base */ = {isa = PBXFileReference; lastKnownFileType = file.storyboard; name = Base; path = Base.lproj/LaunchScreen.storyboard; sourceTree = "<group>"; };
		970DF0371F71B84B0002C299 /* Info.plist */ = {isa = PBXFileReference; lastKnownFileType = text.plist.xml; path = Info.plist; sourceTree = "<group>"; };
		970DF0401F71B8A50002C299 /* MainViewController.swift */ = {isa = PBXFileReference; fileEncoding = 4; lastKnownFileType = sourcecode.swift; name = MainViewController.swift; path = ../MainViewController.swift; sourceTree = "<group>"; };
		970DF0421F71BD540002C299 /* Score.swift */ = {isa = PBXFileReference; fileEncoding = 4; lastKnownFileType = sourcecode.swift; path = Score.swift; sourceTree = "<group>"; };
		970DF0441F71BE4D0002C299 /* GameField.swift */ = {isa = PBXFileReference; fileEncoding = 4; lastKnownFileType = sourcecode.swift; path = GameField.swift; sourceTree = "<group>"; };
		970DF0461F71C6800002C299 /* SettingsViewController.swift */ = {isa = PBXFileReference; fileEncoding = 4; lastKnownFileType = sourcecode.swift; path = SettingsViewController.swift; sourceTree = "<group>"; };
		970DF0481F71C6980002C299 /* ResultsViewController.swift */ = {isa = PBXFileReference; fileEncoding = 4; lastKnownFileType = sourcecode.swift; path = ResultsViewController.swift; sourceTree = "<group>"; };
/* End PBXFileReference section */

/* Begin PBXFrameworksBuildPhase section */
		970DF0221F71B84B0002C299 /* Frameworks */ = {
			isa = PBXFrameworksBuildPhase;
			buildActionMask = 2147483647;
			files = (
			);
			runOnlyForDeploymentPostprocessing = 0;
		};
/* End PBXFrameworksBuildPhase section */

/* Begin PBXGroup section */
		970DF01C1F71B84B0002C299 = {
			isa = PBXGroup;
			children = (
				970DF0271F71B84B0002C299 /* ABCGames_Test */,
				970DF0261F71B84B0002C299 /* Products */,
			);
			sourceTree = "<group>";
		};
		970DF0261F71B84B0002C299 /* Products */ = {
			isa = PBXGroup;
			children = (
				970DF0251F71B84B0002C299 /* ABCGames_Test.app */,
			);
			name = Products;
			sourceTree = "<group>";
		};
		970DF0271F71B84B0002C299 /* ABCGames_Test */ = {
			isa = PBXGroup;
			children = (
				970DF04A1F71C6B50002C299 /* Model */,
				970DF04C1F71C6C90002C299 /* View */,
				970DF04B1F71C6BE0002C299 /* View-Model */,
				970DF03E1F71B8730002C299 /* Additionals */,
			);
			path = ABCGames_Test;
			sourceTree = "<group>";
		};
		970DF03E1F71B8730002C299 /* Additionals */ = {
			isa = PBXGroup;
			children = (
				970DF0321F71B84B0002C299 /* Assets.xcassets */,
				970DF0341F71B84B0002C299 /* LaunchScreen.storyboard */,
				970DF0281F71B84B0002C299 /* AppDelegate.swift */,
				970DF0371F71B84B0002C299 /* Info.plist */,
			);
			name = Additionals;
			sourceTree = "<group>";
		};
		970DF03F1F71B87C0002C299 /* Core Data */ = {
			isa = PBXGroup;
			children = (
				970DF02F1F71B84B0002C299 /* ABCGames_Test.xcdatamodeld */,
			);
			name = "Core Data";
			sourceTree = "<group>";
		};
		970DF04A1F71C6B50002C299 /* Model */ = {
			isa = PBXGroup;
			children = (
				970DF03F1F71B87C0002C299 /* Core Data */,
				970DF0421F71BD540002C299 /* Score.swift */,
				970DF0441F71BE4D0002C299 /* GameField.swift */,
			);
			name = Model;
			sourceTree = "<group>";
		};
		970DF04B1F71C6BE0002C299 /* View-Model */ = {
			isa = PBXGroup;
			children = (
			);
			name = "View-Model";
			sourceTree = "<group>";
		};
		970DF04C1F71C6C90002C299 /* View */ = {
			isa = PBXGroup;
			children = (
				970DF02C1F71B84B0002C299 /* Main.storyboard */,
				970DF0401F71B8A50002C299 /* MainViewController.swift */,
				970DF0461F71C6800002C299 /* SettingsViewController.swift */,
				970DF0481F71C6980002C299 /* ResultsViewController.swift */,
			);
			name = View;
			sourceTree = "<group>";
		};
/* End PBXGroup section */

/* Begin PBXNativeTarget section */
		970DF0241F71B84B0002C299 /* ABCGames_Test */ = {
			isa = PBXNativeTarget;
			buildConfigurationList = 970DF03A1F71B84B0002C299 /* Build configuration list for PBXNativeTarget "ABCGames_Test" */;
			buildPhases = (
				970DF0211F71B84B0002C299 /* Sources */,
				970DF0221F71B84B0002C299 /* Frameworks */,
				970DF0231F71B84B0002C299 /* Resources */,
			);
			buildRules = (
			);
			dependencies = (
			);
			name = ABCGames_Test;
			productName = ABCGames_Test;
			productReference = 970DF0251F71B84B0002C299 /* ABCGames_Test.app */;
			productType = "com.apple.product-type.application";
		};
/* End PBXNativeTarget section */

/* Begin PBXProject section */
		970DF01D1F71B84B0002C299 /* Project object */ = {
			isa = PBXProject;
			attributes = {
				LastSwiftUpdateCheck = 0830;
				LastUpgradeCheck = 0830;
				ORGANIZATIONNAME = Sergey;
				TargetAttributes = {
					970DF0241F71B84B0002C299 = {
						CreatedOnToolsVersion = 8.3.3;
						DevelopmentTeam = L42U362EAE;
						ProvisioningStyle = Automatic;
					};
				};
			};
			buildConfigurationList = 970DF0201F71B84B0002C299 /* Build configuration list for PBXProject "ABCGames_Test" */;
			compatibilityVersion = "Xcode 3.2";
			developmentRegion = English;
			hasScannedForEncodings = 0;
			knownRegions = (
				en,
				Base,
			);
			mainGroup = 970DF01C1F71B84B0002C299;
			productRefGroup = 970DF0261F71B84B0002C299 /* Products */;
			projectDirPath = "";
			projectRoot = "";
			targets = (
				970DF0241F71B84B0002C299 /* ABCGames_Test */,
			);
		};
/* End PBXProject section */

/* Begin PBXResourcesBuildPhase section */
		970DF0231F71B84B0002C299 /* Resources */ = {
			isa = PBXResourcesBuildPhase;
			buildActionMask = 2147483647;
			files = (
				970DF0361F71B84B0002C299 /* LaunchScreen.storyboard in Resources */,
				970DF0331F71B84B0002C299 /* Assets.xcassets in Resources */,
				970DF02E1F71B84B0002C299 /* Main.storyboard in Resources */,
			);
			runOnlyForDeploymentPostprocessing = 0;
		};
/* End PBXResourcesBuildPhase section */

/* Begin PBXSourcesBuildPhase section */
		970DF0211F71B84B0002C299 /* Sources */ = {
			isa = PBXSourcesBuildPhase;
			buildActionMask = 2147483647;
			files = (
				970DF0411F71B8A50002C299 /* MainViewController.swift in Sources */,
				970DF0311F71B84B0002C299 /* ABCGames_Test.xcdatamodeld in Sources */,
				970DF0451F71BE4D0002C299 /* GameField.swift in Sources */,
				970DF0491F71C6980002C299 /* ResultsViewController.swift in Sources */,
				970DF0431F71BD540002C299 /* Score.swift in Sources */,
				970DF0291F71B84B0002C299 /* AppDelegate.swift in Sources */,
				970DF0471F71C6800002C299 /* SettingsViewController.swift in Sources */,
			);
			runOnlyForDeploymentPostprocessing = 0;
		};
/* End PBXSourcesBuildPhase section */

/* Begin PBXVariantGroup section */
		970DF02C1F71B84B0002C299 /* Main.storyboard */ = {
			isa = PBXVariantGroup;
			children = (
				970DF02D1F71B84B0002C299 /* Base */,
			);
			name = Main.storyboard;
			sourceTree = "<group>";
		};
		970DF0341F71B84B0002C299 /* LaunchScreen.storyboard */ = {
			isa = PBXVariantGroup;
			children = (
				970DF0351F71B84B0002C299 /* Base */,
			);
			name = LaunchScreen.storyboard;
			sourceTree = "<group>";
		};
/* End PBXVariantGroup section */

/* Begin XCBuildConfiguration section */
		970DF0381F71B84B0002C299 /* Debug */ = {
			isa = XCBuildConfiguration;
			buildSettings = {
				ALWAYS_SEARCH_USER_PATHS = NO;
				CLANG_ANALYZER_NONNULL = YES;
				CLANG_ANALYZER_NUMBER_OBJECT_CONVERSION = YES_AGGRESSIVE;
				CLANG_CXX_LANGUAGE_STANDARD = "gnu++0x";
				CLANG_CXX_LIBRARY = "libc++";
				CLANG_ENABLE_MODULES = YES;
				CLANG_ENABLE_OBJC_ARC = YES;
				CLANG_WARN_BOOL_CONVERSION = YES;
				CLANG_WARN_CONSTANT_CONVERSION = YES;
				CLANG_WARN_DIRECT_OBJC_ISA_USAGE = YES_ERROR;
				CLANG_WARN_DOCUMENTATION_COMMENTS = YES;
				CLANG_WARN_EMPTY_BODY = YES;
				CLANG_WARN_ENUM_CONVERSION = YES;
				CLANG_WARN_INFINITE_RECURSION = YES;
				CLANG_WARN_INT_CONVERSION = YES;
				CLANG_WARN_OBJC_ROOT_CLASS = YES_ERROR;
				CLANG_WARN_SUSPICIOUS_MOVE = YES;
				CLANG_WARN_UNREACHABLE_CODE = YES;
				CLANG_WARN__DUPLICATE_METHOD_MATCH = YES;
				"CODE_SIGN_IDENTITY[sdk=iphoneos*]" = "iPhone Developer";
				COPY_PHASE_STRIP = NO;
				DEBUG_INFORMATION_FORMAT = dwarf;
				ENABLE_STRICT_OBJC_MSGSEND = YES;
				ENABLE_TESTABILITY = YES;
				GCC_C_LANGUAGE_STANDARD = gnu99;
				GCC_DYNAMIC_NO_PIC = NO;
				GCC_NO_COMMON_BLOCKS = YES;
				GCC_OPTIMIZATION_LEVEL = 0;
				GCC_PREPROCESSOR_DEFINITIONS = (
					"DEBUG=1",
					"$(inherited)",
				);
				GCC_WARN_64_TO_32_BIT_CONVERSION = YES;
				GCC_WARN_ABOUT_RETURN_TYPE = YES_ERROR;
				GCC_WARN_UNDECLARED_SELECTOR = YES;
				GCC_WARN_UNINITIALIZED_AUTOS = YES_AGGRESSIVE;
				GCC_WARN_UNUSED_FUNCTION = YES;
				GCC_WARN_UNUSED_VARIABLE = YES;
				IPHONEOS_DEPLOYMENT_TARGET = 10.3;
				MTL_ENABLE_DEBUG_INFO = YES;
				ONLY_ACTIVE_ARCH = YES;
				SDKROOT = iphoneos;
				SWIFT_ACTIVE_COMPILATION_CONDITIONS = DEBUG;
				SWIFT_OPTIMIZATION_LEVEL = "-Onone";
			};
			name = Debug;
		};
		970DF0391F71B84B0002C299 /* Release */ = {
			isa = XCBuildConfiguration;
			buildSettings = {
				ALWAYS_SEARCH_USER_PATHS = NO;
				CLANG_ANALYZER_NONNULL = YES;
				CLANG_ANALYZER_NUMBER_OBJECT_CONVERSION = YES_AGGRESSIVE;
				CLANG_CXX_LANGUAGE_STANDARD = "gnu++0x";
				CLANG_CXX_LIBRARY = "libc++";
				CLANG_ENABLE_MODULES = YES;
				CLANG_ENABLE_OBJC_ARC = YES;
				CLANG_WARN_BOOL_CONVERSION = YES;
				CLANG_WARN_CONSTANT_CONVERSION = YES;
				CLANG_WARN_DIRECT_OBJC_ISA_USAGE = YES_ERROR;
				CLANG_WARN_DOCUMENTATION_COMMENTS = YES;
				CLANG_WARN_EMPTY_BODY = YES;
				CLANG_WARN_ENUM_CONVERSION = YES;
				CLANG_WARN_INFINITE_RECURSION = YES;
				CLANG_WARN_INT_CONVERSION = YES;
				CLANG_WARN_OBJC_ROOT_CLASS = YES_ERROR;
				CLANG_WARN_SUSPICIOUS_MOVE = YES;
				CLANG_WARN_UNREACHABLE_CODE = YES;
				CLANG_WARN__DUPLICATE_METHOD_MATCH = YES;
				"CODE_SIGN_IDENTITY[sdk=iphoneos*]" = "iPhone Developer";
				COPY_PHASE_STRIP = NO;
				DEBUG_INFORMATION_FORMAT = "dwarf-with-dsym";
				ENABLE_NS_ASSERTIONS = NO;
				ENABLE_STRICT_OBJC_MSGSEND = YES;
				GCC_C_LANGUAGE_STANDARD = gnu99;
				GCC_NO_COMMON_BLOCKS = YES;
				GCC_WARN_64_TO_32_BIT_CONVERSION = YES;
				GCC_WARN_ABOUT_RETURN_TYPE = YES_ERROR;
				GCC_WARN_UNDECLARED_SELECTOR = YES;
				GCC_WARN_UNINITIALIZED_AUTOS = YES_AGGRESSIVE;
				GCC_WARN_UNUSED_FUNCTION = YES;
				GCC_WARN_UNUSED_VARIABLE = YES;
				IPHONEOS_DEPLOYMENT_TARGET = 10.3;
				MTL_ENABLE_DEBUG_INFO = NO;
				SDKROOT = iphoneos;
				SWIFT_OPTIMIZATION_LEVEL = "-Owholemodule";
				VALIDATE_PRODUCT = YES;
			};
			name = Release;
		};
		970DF03B1F71B84B0002C299 /* Debug */ = {
			isa = XCBuildConfiguration;
			buildSettings = {
				ASSETCATALOG_COMPILER_APPICON_NAME = AppIcon;
				DEVELOPMENT_TEAM = L42U362EAE;
				INFOPLIST_FILE = ABCGames_Test/Info.plist;
				IPHONEOS_DEPLOYMENT_TARGET = 9.0;
				LD_RUNPATH_SEARCH_PATHS = "$(inherited) @executable_path/Frameworks";
				PRODUCT_BUNDLE_IDENTIFIER = "-00wd--wd.ABCGames-Test";
				PRODUCT_NAME = "$(TARGET_NAME)";
				SWIFT_VERSION = 3.0;
			};
			name = Debug;
		};
		970DF03C1F71B84B0002C299 /* Release */ = {
			isa = XCBuildConfiguration;
			buildSettings = {
				ASSETCATALOG_COMPILER_APPICON_NAME = AppIcon;
				DEVELOPMENT_TEAM = L42U362EAE;
				INFOPLIST_FILE = ABCGames_Test/Info.plist;
				IPHONEOS_DEPLOYMENT_TARGET = 9.0;
				LD_RUNPATH_SEARCH_PATHS = "$(inherited) @executable_path/Frameworks";
				PRODUCT_BUNDLE_IDENTIFIER = "-00wd--wd.ABCGames-Test";
				PRODUCT_NAME = "$(TARGET_NAME)";
				SWIFT_VERSION = 3.0;
			};
			name = Release;
		};
/* End XCBuildConfiguration section */

/* Begin XCConfigurationList section */
		970DF0201F71B84B0002C299 /* Build configuration list for PBXProject "ABCGames_Test" */ = {
			isa = XCConfigurationList;
			buildConfigurations = (
				970DF0381F71B84B0002C299 /* Debug */,
				970DF0391F71B84B0002C299 /* Release */,
			);
			defaultConfigurationIsVisible = 0;
			defaultConfigurationName = Release;
		};
		970DF03A1F71B84B0002C299 /* Build configuration list for PBXNativeTarget "ABCGames_Test" */ = {
			isa = XCConfigurationList;
			buildConfigurations = (
				970DF03B1F71B84B0002C299 /* Debug */,
				970DF03C1F71B84B0002C299 /* Release */,
			);
			defaultConfigurationIsVisible = 0;
			defaultConfigurationName = Release;
		};
/* End XCConfigurationList section */

/* Begin XCVersionGroup section */
		970DF02F1F71B84B0002C299 /* ABCGames_Test.xcdatamodeld */ = {
			isa = XCVersionGroup;
			children = (
				970DF0301F71B84B0002C299 /* ABCGames_Test.xcdatamodel */,
			);
			currentVersion = 970DF0301F71B84B0002C299 /* ABCGames_Test.xcdatamodel */;
			path = ABCGames_Test.xcdatamodeld;
			sourceTree = "<group>";
			versionGroupType = wrapper.xcdatamodel;
		};
/* End XCVersionGroup section */
	};
	rootObject = 970DF01D1F71B84B0002C299 /* Project object */;
}
